
Microsoft Visual Studio Solution File, Format Version 12.00
# Visual Studio Version 17
VisualStudioVersion = 17.0.32014.148
MinimumVisualStudioVersion = 10.0.40219.1
Project("{FAE04EC0-301F-11D3-BF4B-00C04F79EFBC}") = "UploadScorm.API", "UploadScorm.API\UploadScorm.API.csproj", "{5FDCD2BE-CA9B-4F7A-AD15-53312FCDAFAA}"
	ProjectSection(ProjectDependencies) = postProject
		{7C42D600-4E46-454F-846D-657F356CBA1B} = {7C42D600-4E46-454F-846D-657F356CBA1B}
		{A8D173F8-4AAB-454B-BAB1-C6C15763D7B7} = {A8D173F8-4AAB-454B-BAB1-C6C15763D7B7}
	EndProjectSection
EndProject
Project("{FAE04EC0-301F-11D3-BF4B-00C04F79EFBC}") = "UploadScorm.infra", "UploadScorm.infra\UploadScorm.infra.csproj", "{A8D173F8-4AAB-454B-BAB1-C6C15763D7B7}"
	ProjectSection(ProjectDependencies) = postProject
		{7C42D600-4E46-454F-846D-657F356CBA1B} = {7C42D600-4E46-454F-846D-657F356CBA1B}
	EndProjectSection
EndProject
Project("{FAE04EC0-301F-11D3-BF4B-00C04F79EFBC}") = "UploadScorm.Core", "UploadScorm.Core\UploadScorm.Core.csproj", "{7C42D600-4E46-454F-846D-657F356CBA1B}"
EndProject
Global
	GlobalSection(SolutionConfigurationPlatforms) = preSolution
		Debug|Any CPU = Debug|Any CPU
		Release|Any CPU = Release|Any CPU
	EndGlobalSection
	GlobalSection(ProjectConfigurationPlatforms) = postSolution
		{5FDCD2BE-CA9B-4F7A-AD15-53312FCDAFAA}.Debug|Any CPU.ActiveCfg = Debug|Any CPU
		{5FDCD2BE-CA9B-4F7A-AD15-53312FCDAFAA}.Debug|Any CPU.Build.0 = Debug|Any CPU
		{5FDCD2BE-CA9B-4F7A-AD15-53312FCDAFAA}.Release|Any CPU.ActiveCfg = Release|Any CPU
		{5FDCD2BE-CA9B-4F7A-AD15-53312FCDAFAA}.Release|Any CPU.Build.0 = Release|Any CPU
		{A8D173F8-4AAB-454B-BAB1-C6C15763D7B7}.Debug|Any CPU.ActiveCfg = Debug|Any CPU
		{A8D173F8-4AAB-454B-BAB1-C6C15763D7B7}.Debug|Any CPU.Build.0 = Debug|Any CPU
		{A8D173F8-4AAB-454B-BAB1-C6C15763D7B7}.Release|Any CPU.ActiveCfg = Release|Any CPU
		{A8D173F8-4AAB-454B-BAB1-C6C15763D7B7}.Release|Any CPU.Build.0 = Release|Any CPU
		{7C42D600-4E46-454F-846D-657F356CBA1B}.Debug|Any CPU.ActiveCfg = Debug|Any CPU
		{7C42D600-4E46-454F-846D-657F356CBA1B}.Debug|Any CPU.Build.0 = Debug|Any CPU
		{7C42D600-4E46-454F-846D-657F356CBA1B}.Release|Any CPU.ActiveCfg = Release|Any CPU
		{7C42D600-4E46-454F-846D-657F356CBA1B}.Release|Any CPU.Build.0 = Release|Any CPU
	EndGlobalSection
	GlobalSection(SolutionProperties) = preSolution
		HideSolutionNode = FALSE
	EndGlobalSection
	GlobalSection(ExtensibilityGlobals) = postSolution
		SolutionGuid = {85CE48CE-6DE1-4754-A496-8B62E4F0586C}
	EndGlobalSection
EndGlobal
